
Microsoft Visual Studio Solution File, Format Version 12.00
# Visual Studio Version 17
VisualStudioVersion = 17.9.34701.34
MinimumVisualStudioVersion = 10.0.40219.1
Project("{FAE04EC0-301F-11D3-BF4B-00C04F79EFBC}") = "FamilyManager", "FamilyManager.csproj", "{BC0D2FD3-3C65-4A08-91C2-487AC7D92743}"
EndProject
Global
	GlobalSection(SolutionConfigurationPlatforms) = preSolution
		Debug|Any CPU = Debug|Any CPU
		Release|Any CPU = Release|Any CPU
	EndGlobalSection
	GlobalSection(ProjectConfigurationPlatforms) = postSolution
		{BC0D2FD3-3C65-4A08-91C2-487AC7D92743}.Debug|Any CPU.ActiveCfg = Debug|Any CPU
		{BC0D2FD3-3C65-4A08-91C2-487AC7D92743}.Debug|Any CPU.Build.0 = Debug|Any CPU
		{BC0D2FD3-3C65-4A08-91C2-487AC7D92743}.Release|Any CPU.ActiveCfg = Release|Any CPU
		{BC0D2FD3-3C65-4A08-91C2-487AC7D92743}.Release|Any CPU.Build.0 = Release|Any CPU
	EndGlobalSection
	GlobalSection(SolutionProperties) = preSolution
		HideSolutionNode = FALSE
	EndGlobalSection
	GlobalSection(ExtensibilityGlobals) = postSolution
		SolutionGuid = {FDEF91F4-DD08-4DB3-AC48-35E38DBB953D}
	EndGlobalSection
EndGlobal
